
Microsoft Visual Studio Solution File, Format Version 12.00
# Visual Studio Version 16
VisualStudioVersion = 16.0.30011.22
MinimumVisualStudioVersion = 10.0.40219.1
Project("{8BC9CEB8-8B4A-11D0-8D11-00A0C91BC942}") = "Game", "Game\Game.vcxproj", "{BADFA592-E122-476E-82B3-4014B50EE1DE}"
EndProject
Global
	GlobalSection(SolutionConfigurationPlatforms) = preSolution
		Debug|x64 = Debug|x64
		Debug|x86 = Debug|x86
		Release|x64 = Release|x64
		Release|x86 = Release|x86
	EndGlobalSection
	GlobalSection(ProjectConfigurationPlatforms) = postSolution
		{BADFA592-E122-476E-82B3-4014B50EE1DE}.Debug|x64.ActiveCfg = Debug|x64
		{BADFA592-E122-476E-82B3-4014B50EE1DE}.Debug|x64.Build.0 = Debug|x64
		{BADFA592-E122-476E-82B3-4014B50EE1DE}.Debug|x86.ActiveCfg = Debug|Win32
		{BADFA592-E122-476E-82B3-4014B50EE1DE}.Debug|x86.Build.0 = Debug|Win32
		{BADFA592-E122-476E-82B3-4014B50EE1DE}.Release|x64.ActiveCfg = Release|x64
		{BADFA592-E122-476E-82B3-4014B50EE1DE}.Release|x64.Build.0 = Release|x64
		{BADFA592-E122-476E-82B3-4014B50EE1DE}.Release|x86.ActiveCfg = Release|Win32
		{BADFA592-E122-476E-82B3-4014B50EE1DE}.Release|x86.Build.0 = Release|Win32
	EndGlobalSection
	GlobalSection(SolutionProperties) = preSolution
		HideSolutionNode = FALSE
	EndGlobalSection
	GlobalSection(ExtensibilityGlobals) = postSolution
		SolutionGuid = {924C3296-3366-4B07-A525-38CF82DF1F5F}
	EndGlobalSection
EndGlobal
